
Microsoft Visual Studio Solution File, Format Version 12.00
# Visual Studio Version 16
VisualStudioVersion = 16.0.29001.49
MinimumVisualStudioVersion = 10.0.40219.1
Project("{FAE04EC0-301F-11D3-BF4B-00C04F79EFBC}") = "Hello World", "Hello World\Hello World.csproj", "{AFCCCA81-1D3F-4E4F-ACF7-1302AC4372EC}"
EndProject
Global
	GlobalSection(SolutionConfigurationPlatforms) = preSolution
		Debug|Any CPU = Debug|Any CPU
		Release|Any CPU = Release|Any CPU
	EndGlobalSection
	GlobalSection(ProjectConfigurationPlatforms) = postSolution
		{AFCCCA81-1D3F-4E4F-ACF7-1302AC4372EC}.Debug|Any CPU.ActiveCfg = Debug|Any CPU
		{AFCCCA81-1D3F-4E4F-ACF7-1302AC4372EC}.Debug|Any CPU.Build.0 = Debug|Any CPU
		{AFCCCA81-1D3F-4E4F-ACF7-1302AC4372EC}.Release|Any CPU.ActiveCfg = Release|Any CPU
		{AFCCCA81-1D3F-4E4F-ACF7-1302AC4372EC}.Release|Any CPU.Build.0 = Release|Any CPU
	EndGlobalSection
	GlobalSection(SolutionProperties) = preSolution
		HideSolutionNode = FALSE
	EndGlobalSection
	GlobalSection(ExtensibilityGlobals) = postSolution
		SolutionGuid = {D3A3EF81-3FA4-4ED2-B51C-62988D822CCD}
	EndGlobalSection
EndGlobal
